
Microsoft Visual Studio Solution File, Format Version 12.00
Project("{FAE04EC0-301F-11D3-BF4B-00C04F79EFBC}") = "EMG", "EMG\EMG.csproj", "{6A7155A9-8872-4DDB-A6FC-483E0F8AA1EB}"
EndProject
Global
	GlobalSection(SolutionConfigurationPlatforms) = preSolution
		Debug|Any CPU = Debug|Any CPU
		Release|Any CPU = Release|Any CPU
	EndGlobalSection
	GlobalSection(ProjectConfigurationPlatforms) = postSolution
		{6A7155A9-8872-4DDB-A6FC-483E0F8AA1EB}.Debug|Any CPU.ActiveCfg = Debug|Any CPU
		{6A7155A9-8872-4DDB-A6FC-483E0F8AA1EB}.Debug|Any CPU.Build.0 = Debug|Any CPU
		{6A7155A9-8872-4DDB-A6FC-483E0F8AA1EB}.Release|Any CPU.ActiveCfg = Release|Any CPU
		{6A7155A9-8872-4DDB-A6FC-483E0F8AA1EB}.Release|Any CPU.Build.0 = Release|Any CPU
	EndGlobalSection
EndGlobal
